
Microsoft Visual Studio Solution File, Format Version 12.00
# Visual Studio Version 17
VisualStudioVersion = 17.4.33213.308
MinimumVisualStudioVersion = 10.0.40219.1
Project("{FAE04EC0-301F-11D3-BF4B-00C04F79EFBC}") = "Petshop", "Petshop\Petshop.csproj", "{842284A4-CFBD-4518-AF37-9CDC44542E1B}"
EndProject
Global
	GlobalSection(SolutionConfigurationPlatforms) = preSolution
		Debug|Any CPU = Debug|Any CPU
		Release|Any CPU = Release|Any CPU
	EndGlobalSection
	GlobalSection(ProjectConfigurationPlatforms) = postSolution
		{842284A4-CFBD-4518-AF37-9CDC44542E1B}.Debug|Any CPU.ActiveCfg = Debug|Any CPU
		{842284A4-CFBD-4518-AF37-9CDC44542E1B}.Debug|Any CPU.Build.0 = Debug|Any CPU
		{842284A4-CFBD-4518-AF37-9CDC44542E1B}.Release|Any CPU.ActiveCfg = Release|Any CPU
		{842284A4-CFBD-4518-AF37-9CDC44542E1B}.Release|Any CPU.Build.0 = Release|Any CPU
	EndGlobalSection
	GlobalSection(SolutionProperties) = preSolution
		HideSolutionNode = FALSE
	EndGlobalSection
	GlobalSection(ExtensibilityGlobals) = postSolution
		SolutionGuid = {9DE31E44-5A2A-4F96-88E5-0555CFB11475}
	EndGlobalSection
EndGlobal
